PODS:
  - audioplayers_darwin (0.0.1):
    - Flutter
  - BaiduMapKit/Base (6.5.5)
  - BaiduMapKit/Map (6.5.5):
    - BaiduMapKit/Base
  - BaiduMapKit/Search (6.5.5):
    - BaiduMapKit/Base
  - BaiduMapKit/Utils (6.5.5):
    - BaiduMapKit/Base
  - BMKLocationKit (2.0.7)
  - bugly (0.0.1):
    - Flutter
  - camera_avfoundation (0.0.1):
    - Flutter
  - device_info_plus (0.0.1):
    - Flutter
  - DKImagePickerController/Core (4.3.4):
    - DKImagePickerController/ImageDataManager
    - DKImagePickerController/Resource
  - DKImagePickerController/ImageDataManager (4.3.4)
  - DKImagePickerController/PhotoGallery (4.3.4):
    - DKImagePickerController/Core
    - DKPhotoGallery
  - DKImagePickerController/Resource (4.3.4)
  - DKPhotoGallery (0.0.17):
    - DKPhotoGallery/Core (= 0.0.17)
    - DKPhotoGallery/Model (= 0.0.17)
    - DKPhotoGallery/Preview (= 0.0.17)
    - DKPhotoGallery/Resource (= 0.0.17)
    - SDWebImage
    - SwiftyGif
  - DKPhotoGallery/Core (0.0.17):
    - DKPhotoGallery/Model
    - DKPhotoGallery/Preview
    - SDWebImage
    - SwiftyGif
  - DKPhotoGallery/Model (0.0.17):
    - SDWebImage
    - SwiftyGif
  - DKPhotoGallery/Preview (0.0.17):
    - DKPhotoGallery/Model
    - DKPhotoGallery/Resource
    - SDWebImage
    - SwiftyGif
  - DKPhotoGallery/Resource (0.0.17):
    - SDWebImage
    - SwiftyGif
  - fc_native_video_thumbnail (0.0.1):
    - Flutter
  - file_picker (0.0.1):
    - DKImagePickerController/PhotoGallery
    - Flutter
  - Flutter (1.0.0)
  - flutter_apns_only (0.0.1):
    - Flutter
  - flutter_baidu_mapapi_base (3.3.1):
    - BaiduMapKit/Utils (= 6.5.5)
    - Flutter
  - flutter_baidu_mapapi_map (3.3.1):
    - BaiduMapKit/Map (= 6.5.5)
    - Flutter
    - flutter_baidu_mapapi_base
  - flutter_baidu_mapapi_search (3.3.1):
    - BaiduMapKit/Search (= 6.5.5)
    - Flutter
    - flutter_baidu_mapapi_base
  - flutter_bmflocation (3.3.1):
    - BMKLocationKit (~> 2.0.4)
    - Flutter
  - flutter_image_compress (1.0.0):
    - Flutter
    - Mantle
    - SDWebImage
    - SDWebImageWebPCoder
  - flutter_plugin_record_plus (0.0.1):
    - Flutter
  - fluttertoast (0.0.2):
    - Flutter
    - Toast
  - FMDB (2.7.5):
    - FMDB/standard (= 2.7.5)
  - FMDB/standard (2.7.5)
  - HydraAsync (2.0.6)
  - image_gallery_saver (2.0.1):
    - Flutter
  - image_picker_ios (0.0.1):
    - Flutter
  - libwebp (1.2.4):
    - libwebp/demux (= 1.2.4)
    - libwebp/mux (= 1.2.4)
    - libwebp/webp (= 1.2.4)
  - libwebp/demux (1.2.4):
    - libwebp/webp
  - libwebp/mux (1.2.4):
    - libwebp/demux
  - libwebp/webp (1.2.4)
  - local_notifications_for_us (0.0.1):
    - Flutter
  - location (0.0.1):
    - Flutter
  - Mantle (2.2.0):
    - Mantle/extobjc (= 2.2.0)
  - Mantle/extobjc (2.2.0)
  - Masonry (1.1.0)
  - package_info_plus (0.4.5):
    - Flutter
  - pasteboard (0.0.1):
    - Flutter
  - path_provider_foundation (0.0.1):
    - Flutter
    - FlutterMacOS
  - permission_handler_apple (9.0.4):
    - Flutter
  - photo_manager (2.0.0):
    - Flutter
    - FlutterMacOS
  - plain_notification_token_for_us (0.0.1):
    - Flutter
  - ReachabilitySwift (5.0.0)
  - ReactiveObjC (3.1.1)
  - rmonitor_base (0.0.1):
    - Flutter
    - ReachabilitySwift
  - SDWebImage (5.15.8):
    - SDWebImage/Core (= 5.15.8)
  - SDWebImage/Core (5.15.8)
  - SDWebImageWebPCoder (0.11.0):
    - libwebp (~> 1.0)
    - SDWebImage/Core (~> 5.15)
  - shared_preferences_foundation (0.0.1):
    - Flutter
    - FlutterMacOS
  - sqflite (0.0.2):
    - Flutter
    - FMDB (>= 2.7.5)
  - SwiftyGif (5.4.4)
  - tencent_calls_engine (0.0.1):
    - Flutter
    - TUICallEngine/Professional (= 1.6.0.360)
  - tencent_calls_uikit (0.0.1):
    - Flutter
    - TUICallKit/Professional (= 1.6.0.360)
  - tencent_chat_push_for_china (0.0.1):
    - Flutter
  - tencent_cloud_chat_sdk (5.1.2):
    - Flutter
    - HydraAsync
    - TXIMSDK_Plus_iOS (>= 7.2.4146)
  - tencent_cloud_uikit_core (0.0.1):
    - Flutter
    - TUICore (~> 7.2.4123)
  - tencent_open_file (0.0.1):
    - Flutter
  - Toast (4.0.0)
  - TUICallEngine/Professional (1.6.0.360):
    - TXIMSDK_Plus_iOS (~> 7.2.4123)
    - TXLiteAVSDK_Professional
  - TUICallKit/Professional (1.6.0.360):
    - Masonry
    - TUICallEngine/Professional (~> 1.6.0.360)
    - TUICore (~> 7.2.4123)
    - TXLiteAVSDK_Professional
  - TUICore (7.2.4146):
    - ReactiveObjC
    - SDWebImage
    - TUICore/ImSDK_Plus (= 7.2.4146)
  - TUICore/Base (7.2.4146):
    - ReactiveObjC
    - SDWebImage
  - TUICore/ImSDK_Plus (7.2.4146):
    - ReactiveObjC
    - SDWebImage
    - TUICore/Base
    - TXIMSDK_Plus_iOS (= 7.2.4146)
  - TXIMSDK_Plus_iOS (7.2.4146)
  - TXLiteAVSDK_Professional (11.1.14143):
    - TXLiteAVSDK_Professional/Professional (= 11.1.14143)
  - TXLiteAVSDK_Professional/Professional (11.1.14143)
  - uni_links (0.0.1):
    - Flutter
  - url_launcher_ios (0.0.1):
    - Flutter
  - video_player_avfoundation (0.0.1):
    - Flutter
  - wakelock_for_us (0.0.1):
    - Flutter
  - webview_flutter_wkwebview (0.0.1):
    - Flutter

DEPENDENCIES:
  - audioplayers_darwin (from `.symlinks/plugins/audioplayers_darwin/ios`)
  - bugly (from `.symlinks/plugins/bugly/ios`)
  - camera_avfoundation (from `.symlinks/plugins/camera_avfoundation/ios`)
  - device_info_plus (from `.symlinks/plugins/device_info_plus/ios`)
  - fc_native_video_thumbnail (from `.symlinks/plugins/fc_native_video_thumbnail/ios`)
  - file_picker (from `.symlinks/plugins/file_picker/ios`)
  - Flutter (from `Flutter`)
  - flutter_apns_only (from `.symlinks/plugins/flutter_apns_only/ios`)
  - flutter_baidu_mapapi_base (from `.symlinks/plugins/flutter_baidu_mapapi_base/ios`)
  - flutter_baidu_mapapi_map (from `.symlinks/plugins/flutter_baidu_mapapi_map/ios`)
  - flutter_baidu_mapapi_search (from `.symlinks/plugins/flutter_baidu_mapapi_search/ios`)
  - flutter_bmflocation (from `.symlinks/plugins/flutter_bmflocation/ios`)
  - flutter_image_compress (from `.symlinks/plugins/flutter_image_compress/ios`)
  - flutter_plugin_record_plus (from `.symlinks/plugins/flutter_plugin_record_plus/ios`)
  - fluttertoast (from `.symlinks/plugins/fluttertoast/ios`)
  - image_gallery_saver (from `.symlinks/plugins/image_gallery_saver/ios`)
  - image_picker_ios (from `.symlinks/plugins/image_picker_ios/ios`)
  - local_notifications_for_us (from `.symlinks/plugins/local_notifications_for_us/ios`)
  - location (from `.symlinks/plugins/location/ios`)
  - package_info_plus (from `.symlinks/plugins/package_info_plus/ios`)
  - pasteboard (from `.symlinks/plugins/pasteboard/ios`)
  - path_provider_foundation (from `.symlinks/plugins/path_provider_foundation/darwin`)
  - permission_handler_apple (from `.symlinks/plugins/permission_handler_apple/ios`)
  - photo_manager (from `.symlinks/plugins/photo_manager/ios`)
  - plain_notification_token_for_us (from `.symlinks/plugins/plain_notification_token_for_us/ios`)
  - rmonitor_base (from `.symlinks/plugins/rmonitor_base/ios`)
  - shared_preferences_foundation (from `.symlinks/plugins/shared_preferences_foundation/darwin`)
  - sqflite (from `.symlinks/plugins/sqflite/ios`)
  - tencent_calls_engine (from `.symlinks/plugins/tencent_calls_engine/ios`)
  - tencent_calls_uikit (from `.symlinks/plugins/tencent_calls_uikit/ios`)
  - tencent_chat_push_for_china (from `.symlinks/plugins/tencent_chat_push_for_china/ios`)
  - tencent_cloud_chat_sdk (from `.symlinks/plugins/tencent_cloud_chat_sdk/ios`)
  - tencent_cloud_uikit_core (from `.symlinks/plugins/tencent_cloud_uikit_core/ios`)
  - tencent_open_file (from `.symlinks/plugins/tencent_open_file/ios`)
  - uni_links (from `.symlinks/plugins/uni_links/ios`)
  - url_launcher_ios (from `.symlinks/plugins/url_launcher_ios/ios`)
  - video_player_avfoundation (from `.symlinks/plugins/video_player_avfoundation/ios`)
  - wakelock_for_us (from `.symlinks/plugins/wakelock_for_us/ios`)
  - webview_flutter_wkwebview (from `.symlinks/plugins/webview_flutter_wkwebview/ios`)

SPEC REPOS:
  trunk:
    - BaiduMapKit
    - BMKLocationKit
    - DKImagePickerController
    - DKPhotoGallery
    - FMDB
    - HydraAsync
    - libwebp
    - Mantle
    - Masonry
    - ReachabilitySwift
    - ReactiveObjC
    - SDWebImage
    - SDWebImageWebPCoder
    - SwiftyGif
    - Toast
    - TUICallEngine
    - TUICallKit
    - TUICore
    - TXIMSDK_Plus_iOS
    - TXLiteAVSDK_Professional

EXTERNAL SOURCES:
  audioplayers_darwin:
    :path: ".symlinks/plugins/audioplayers_darwin/ios"
  bugly:
    :path: ".symlinks/plugins/bugly/ios"
  camera_avfoundation:
    :path: ".symlinks/plugins/camera_avfoundation/ios"
  device_info_plus:
    :path: ".symlinks/plugins/device_info_plus/ios"
  fc_native_video_thumbnail:
    :path: ".symlinks/plugins/fc_native_video_thumbnail/ios"
  file_picker:
    :path: ".symlinks/plugins/file_picker/ios"
  Flutter:
    :path: Flutter
  flutter_apns_only:
    :path: ".symlinks/plugins/flutter_apns_only/ios"
  flutter_baidu_mapapi_base:
    :path: ".symlinks/plugins/flutter_baidu_mapapi_base/ios"
  flutter_baidu_mapapi_map:
    :path: ".symlinks/plugins/flutter_baidu_mapapi_map/ios"
  flutter_baidu_mapapi_search:
    :path: ".symlinks/plugins/flutter_baidu_mapapi_search/ios"
  flutter_bmflocation:
    :path: ".symlinks/plugins/flutter_bmflocation/ios"
  flutter_image_compress:
    :path: ".symlinks/plugins/flutter_image_compress/ios"
  flutter_plugin_record_plus:
    :path: ".symlinks/plugins/flutter_plugin_record_plus/ios"
  fluttertoast:
    :path: ".symlinks/plugins/fluttertoast/ios"
  image_gallery_saver:
    :path: ".symlinks/plugins/image_gallery_saver/ios"
  image_picker_ios:
    :path: ".symlinks/plugins/image_picker_ios/ios"
  local_notifications_for_us:
    :path: ".symlinks/plugins/local_notifications_for_us/ios"
  location:
    :path: ".symlinks/plugins/location/ios"
  package_info_plus:
    :path: ".symlinks/plugins/package_info_plus/ios"
  pasteboard:
    :path: ".symlinks/plugins/pasteboard/ios"
  path_provider_foundation:
    :path: ".symlinks/plugins/path_provider_foundation/darwin"
  permission_handler_apple:
    :path: ".symlinks/plugins/permission_handler_apple/ios"
  photo_manager:
    :path: ".symlinks/plugins/photo_manager/ios"
  plain_notification_token_for_us:
    :path: ".symlinks/plugins/plain_notification_token_for_us/ios"
  rmonitor_base:
    :path: ".symlinks/plugins/rmonitor_base/ios"
  shared_preferences_foundation:
    :path: ".symlinks/plugins/shared_preferences_foundation/darwin"
  sqflite:
    :path: ".symlinks/plugins/sqflite/ios"
  tencent_calls_engine:
    :path: ".symlinks/plugins/tencent_calls_engine/ios"
  tencent_calls_uikit:
    :path: ".symlinks/plugins/tencent_calls_uikit/ios"
  tencent_chat_push_for_china:
    :path: ".symlinks/plugins/tencent_chat_push_for_china/ios"
  tencent_cloud_chat_sdk:
    :path: ".symlinks/plugins/tencent_cloud_chat_sdk/ios"
  tencent_cloud_uikit_core:
    :path: ".symlinks/plugins/tencent_cloud_uikit_core/ios"
  tencent_open_file:
    :path: ".symlinks/plugins/tencent_open_file/ios"
  uni_links:
    :path: ".symlinks/plugins/uni_links/ios"
  url_launcher_ios:
    :path: ".symlinks/plugins/url_launcher_ios/ios"
  video_player_avfoundation:
    :path: ".symlinks/plugins/video_player_avfoundation/ios"
  wakelock_for_us:
    :path: ".symlinks/plugins/wakelock_for_us/ios"
  webview_flutter_wkwebview:
    :path: ".symlinks/plugins/webview_flutter_wkwebview/ios"

SPEC CHECKSUMS:
  audioplayers_darwin: 877d9a4d06331c5c374595e46e16453ac7eafa40
  BaiduMapKit: 3b79c1d77521fddfebfd62a5ab4663740bee5784
  BMKLocationKit: a68845e2771bb3028feb638186d96124f4f142cd
  bugly: b3674afe180564b5464015d0a8a6b174c2356589
  camera_avfoundation: 82dc5597033fe2dcdcca6e41f7e464d0855e74ad
  device_info_plus: 7545d84d8d1b896cb16a4ff98c19f07ec4b298ea
  DKImagePickerController: b512c28220a2b8ac7419f21c491fc8534b7601ac
  DKPhotoGallery: fdfad5125a9fdda9cc57df834d49df790dbb4179
  fc_native_video_thumbnail: acf173eee42a60561203851e02b38a5202adc206
  file_picker: ce3938a0df3cc1ef404671531facef740d03f920
  Flutter: f04841e97a9d0b0a8025694d0796dd46242b2854
  flutter_apns_only: 3d91c0ca9dbef4439874858590909a19f8ed06a4
  flutter_baidu_mapapi_base: c9e6042078fbe64edc103393f3ed723ab59d8cf2
  flutter_baidu_mapapi_map: f2d7fa053404b833918b97a8b685d058fd82bfdb
  flutter_baidu_mapapi_search: 7a92f9a8c9b480358eaa2c3bfe2bed2e13a005ac
  flutter_bmflocation: d9349d0de769fc2fa6b665556577c92221403e53
  flutter_image_compress: 5a5e9aee05b6553048b8df1c3bc456d0afaac433
  flutter_plugin_record_plus: 79b8e13ee7ed9a94f6c067018653599528cee1fc
  fluttertoast: eb263d302cc92e04176c053d2385237e9f43fad0
  FMDB: 2ce00b547f966261cd18927a3ddb07cb6f3db82a
  HydraAsync: 8d589bd725b0224f899afafc9a396327405f8063
  image_gallery_saver: 6eb11e5a866e9ac2c8a98c74ef99a04fc62878b2
  image_picker_ios: 58b9c4269cb176f89acea5e5d043c9358f2d25f8
  libwebp: f62cb61d0a484ba548448a4bd52aabf150ff6eef
  local_notifications_for_us: d4bb63b93eb429c4697edd0ee66bbe8bade29633
  location: 3a2eed4dd2fab25e7b7baf2a9efefe82b512d740
  Mantle: c5aa8794a29a022dfbbfc9799af95f477a69b62d
  Masonry: 678fab65091a9290e40e2832a55e7ab731aad201
  package_info_plus: fd030dabf36271f146f1f3beacd48f564b0f17f7
  pasteboard: 982969ebaa7c78af3e6cc7761e8f5e77565d9ce0
  path_provider_foundation: c68054786f1b4f3343858c1e1d0caaded73f0be9
  permission_handler_apple: 44366e37eaf29454a1e7b1b7d736c2cceaeb17ce
  photo_manager: 4f6810b7dfc4feb03b461ac1a70dacf91fba7604
  plain_notification_token_for_us: c804c7a9f79af55980cec08457cb8cdf73200db7
  ReachabilitySwift: 985039c6f7b23a1da463388634119492ff86c825
  ReactiveObjC: 011caa393aa0383245f2dcf9bf02e86b80b36040
  rmonitor_base: 63e3a81285479c232541536a44f16b62f9373f87
  SDWebImage: cb032eba469c54e0000e78bcb0a13cdde0a52798
  SDWebImageWebPCoder: 295a6573c512f54ad2dd58098e64e17dcf008499
  shared_preferences_foundation: 986fc17f3d3251412d18b0265f9c64113a8c2472
  sqflite: 6d358c025f5b867b29ed92fc697fd34924e11904
  SwiftyGif: 93a1cc87bf3a51916001cf8f3d63835fb64c819f
  tencent_calls_engine: a7584d750569fb9e37da72ccdd99bdca48ec95a4
  tencent_calls_uikit: 719a44b9f6d9304915c3b3298a09ad9821f92d82
  tencent_chat_push_for_china: aa983a4716949ae4062c106204e2dc07d34d9f3b
  tencent_cloud_chat_sdk: 8a2bceccaf81e7f922e7b6509ab93c39c3884dda
  tencent_cloud_uikit_core: d9ec9de7506192ad4af806eab14f2f6d6dd35b01
  tencent_open_file: 1261db508715b8f43ef3b7e31c90824838038165
  Toast: 91b396c56ee72a5790816f40d3a94dd357abc196
  TUICallEngine: 546be1a5a8661cfc751bea394c277f35ab8feabe
  TUICallKit: 3137d27bf95d2c77cd35b2ff4a31fe81f780057b
  TUICore: 4133d303a749d5c29aa1f7e03f5d787855b2c4e9
  TXIMSDK_Plus_iOS: 560464285b93add271d5fd7a2a26434293821c11
  TXLiteAVSDK_Professional: a20fdf458f2e9c1c24cc4219310707c74d410d1c
  uni_links: d97da20c7701486ba192624d99bffaaffcfc298a
  url_launcher_ios: ae1517e5e344f5544fb090b079e11f399dfbe4d2
  video_player_avfoundation: 6d971a232d72e6ee25368378d48a079dea01f1cf
  wakelock_for_us: f38d5266db2b4efdf52f99632282320d6a52ffb7
  webview_flutter_wkwebview: b7e70ef1ddded7e69c796c7390ee74180182971f

PODFILE CHECKSUM: f4b5d48b320d8247333ecaa21455cc7f1b97e8cc

COCOAPODS: 1.12.0
