PODS:
  - BaiduMapKit/Base (6.5.1)
  - BaiduMapKit/Map (6.5.1):
    - BaiduMapKit/Base
  - BaiduMapKit/Search (6.5.1):
    - BaiduMapKit/Base
  - BaiduMapKit/Utils (6.5.1):
    - BaiduMapKit/Base
  - BMKLocationKit (2.0.6)
  - bugly (0.0.1):
    - Flutter
  - camera_avfoundation (0.0.1):
    - Flutter
  - device_info_plus (0.0.1):
    - Flutter
  - disk_space (0.0.1):
    - Flutter
  - DKImagePickerController/Core (4.3.4):
    - DKImagePickerController/ImageDataManager
    - DKImagePickerController/Resource
  - DKImagePickerController/ImageDataManager (4.3.4)
  - DKImagePickerController/PhotoGallery (4.3.4):
    - DKImagePickerController/Core
    - DKPhotoGallery
  - DKImagePickerController/Resource (4.3.4)
  - DKPhotoGallery (0.0.17):
    - DKPhotoGallery/Core (= 0.0.17)
    - DKPhotoGallery/Model (= 0.0.17)
    - DKPhotoGallery/Preview (= 0.0.17)
    - DKPhotoGallery/Resource (= 0.0.17)
    - SDWebImage
    - SwiftyGif
  - DKPhotoGallery/Core (0.0.17):
    - DKPhotoGallery/Model
    - DKPhotoGallery/Preview
    - SDWebImage
    - SwiftyGif
  - DKPhotoGallery/Model (0.0.17):
    - SDWebImage
    - SwiftyGif
  - DKPhotoGallery/Preview (0.0.17):
    - DKPhotoGallery/Model
    - DKPhotoGallery/Resource
    - SDWebImage
    - SwiftyGif
  - DKPhotoGallery/Resource (0.0.17):
    - SDWebImage
    - SwiftyGif
  - file_picker (0.0.1):
    - DKImagePickerController/PhotoGallery
    - Flutter
  - Flutter (1.0.0)
  - flutter_apns_only (0.0.1):
    - Flutter
  - flutter_baidu_mapapi_base (3.1.0):
    - BaiduMapKit/Utils (= 6.5.1)
    - Flutter
  - flutter_baidu_mapapi_map (3.1.0):
    - BaiduMapKit/Map (= 6.5.1)
    - Flutter
    - flutter_baidu_mapapi_base
  - flutter_baidu_mapapi_search (3.1.0):
    - BaiduMapKit/Search (= 6.5.1)
    - Flutter
    - flutter_baidu_mapapi_base
  - flutter_bmflocation (2.0.1):
    - BMKLocationKit (~> 2.0.4)
    - Flutter
  - flutter_image_compress (1.0.0):
    - Flutter
    - Mantle
    - SDWebImage
    - SDWebImageWebPCoder
  - flutter_keyboard_visibility (0.0.1):
    - Flutter
  - flutter_plugin_record_plus (0.0.1):
    - Flutter
  - fluttertoast (0.0.2):
    - Flutter
    - Toast
  - FMDB (2.7.5):
    - FMDB/standard (= 2.7.5)
  - FMDB/standard (2.7.5)
  - HydraAsync (2.0.6)
  - image_gallery_saver (1.5.0):
    - Flutter
  - image_picker_ios (0.0.1):
    - Flutter
  - libwebp (1.2.4):
    - libwebp/demux (= 1.2.4)
    - libwebp/mux (= 1.2.4)
    - libwebp/webp (= 1.2.4)
  - libwebp/demux (1.2.4):
    - libwebp/webp
  - libwebp/mux (1.2.4):
    - libwebp/demux
  - libwebp/webp (1.2.4)
  - live_flutter_plugin (1.0.0):
    - Flutter
    - TXCustomBeautyProcesserPlugin
    - TXLiteAVSDK_Professional (= 10.8.12025)
  - local_notifications_for_us (0.0.1):
    - Flutter
  - location (0.0.1):
    - Flutter
  - Mantle (2.2.0):
    - Mantle/extobjc (= 2.2.0)
  - Mantle/extobjc (2.2.0)
  - package_info_plus (0.4.5):
    - Flutter
  - path_provider_foundation (0.0.1):
    - Flutter
    - FlutterMacOS
  - permission_handler_apple (9.0.4):
    - Flutter
  - photo_manager (2.0.0):
    - Flutter
    - FlutterMacOS
  - plain_notification_token_for_us (0.0.1):
    - Flutter
  - ReachabilitySwift (5.0.0)
  - rmonitor_base (0.0.1):
    - Flutter
    - ReachabilitySwift
  - SDWebImage (5.15.3):
    - SDWebImage/Core (= 5.15.3)
  - SDWebImage/Core (5.15.3)
  - SDWebImageWebPCoder (0.10.1):
    - libwebp (~> 1.0)
    - SDWebImage/Core (~> 5.15)
  - shared_preferences_foundation (0.0.1):
    - Flutter
    - FlutterMacOS
  - sqflite (0.0.2):
    - Flutter
    - FMDB (>= 2.7.5)
  - SwiftyGif (5.4.4)
  - tencent_chat_push_for_china (0.0.1):
    - Flutter
  - tencent_cloud_chat_sdk (5.0.6):
    - Flutter
    - HydraAsync
    - TXIMSDK_Plus_Pro_iOS (= 7.0.3754)
  - tencent_open_file (0.0.1):
    - Flutter
  - tencent_trtc_cloud (10.7):
    - Flutter
    - TXCustomBeautyProcesserPlugin (= 1.0.2)
    - TXLiteAVSDK_Professional (= 10.8.12025)
  - Toast (4.0.0)
  - TXCustomBeautyProcesserPlugin (1.0.2)
  - TXIMSDK_Plus_Pro_iOS (7.0.3754)
  - TXLiteAVSDK_Professional (10.8.12025):
    - TXLiteAVSDK_Professional/Professional (= 10.8.12025)
  - TXLiteAVSDK_Professional/Professional (10.8.12025)
  - uni_links (0.0.1):
    - Flutter
  - url_launcher_ios (0.0.1):
    - Flutter
  - video_player_avfoundation (0.0.1):
    - Flutter
  - video_thumbnail (0.0.1):
    - Flutter
    - libwebp
  - wakelock (0.0.1):
    - Flutter
  - webview_flutter_wkwebview (0.0.1):
    - Flutter

DEPENDENCIES:
  - bugly (from `.symlinks/plugins/bugly/ios`)
  - camera_avfoundation (from `.symlinks/plugins/camera_avfoundation/ios`)
  - device_info_plus (from `.symlinks/plugins/device_info_plus/ios`)
  - disk_space (from `.symlinks/plugins/disk_space/ios`)
  - file_picker (from `.symlinks/plugins/file_picker/ios`)
  - Flutter (from `Flutter`)
  - flutter_apns_only (from `.symlinks/plugins/flutter_apns_only/ios`)
  - flutter_baidu_mapapi_base (from `.symlinks/plugins/flutter_baidu_mapapi_base/ios`)
  - flutter_baidu_mapapi_map (from `.symlinks/plugins/flutter_baidu_mapapi_map/ios`)
  - flutter_baidu_mapapi_search (from `.symlinks/plugins/flutter_baidu_mapapi_search/ios`)
  - flutter_bmflocation (from `.symlinks/plugins/flutter_bmflocation/ios`)
  - flutter_image_compress (from `.symlinks/plugins/flutter_image_compress/ios`)
  - flutter_keyboard_visibility (from `.symlinks/plugins/flutter_keyboard_visibility/ios`)
  - flutter_plugin_record_plus (from `.symlinks/plugins/flutter_plugin_record_plus/ios`)
  - fluttertoast (from `.symlinks/plugins/fluttertoast/ios`)
  - image_gallery_saver (from `.symlinks/plugins/image_gallery_saver/ios`)
  - image_picker_ios (from `.symlinks/plugins/image_picker_ios/ios`)
  - live_flutter_plugin (from `.symlinks/plugins/live_flutter_plugin/ios`)
  - local_notifications_for_us (from `.symlinks/plugins/local_notifications_for_us/ios`)
  - location (from `.symlinks/plugins/location/ios`)
  - package_info_plus (from `.symlinks/plugins/package_info_plus/ios`)
  - path_provider_foundation (from `.symlinks/plugins/path_provider_foundation/ios`)
  - permission_handler_apple (from `.symlinks/plugins/permission_handler_apple/ios`)
  - photo_manager (from `.symlinks/plugins/photo_manager/ios`)
  - plain_notification_token_for_us (from `.symlinks/plugins/plain_notification_token_for_us/ios`)
  - rmonitor_base (from `.symlinks/plugins/rmonitor_base/ios`)
  - shared_preferences_foundation (from `.symlinks/plugins/shared_preferences_foundation/ios`)
  - sqflite (from `.symlinks/plugins/sqflite/ios`)
  - tencent_chat_push_for_china (from `.symlinks/plugins/tencent_chat_push_for_china/ios`)
  - tencent_cloud_chat_sdk (from `.symlinks/plugins/tencent_cloud_chat_sdk/ios`)
  - tencent_open_file (from `.symlinks/plugins/tencent_open_file/ios`)
  - tencent_trtc_cloud (from `.symlinks/plugins/tencent_trtc_cloud/ios`)
  - uni_links (from `.symlinks/plugins/uni_links/ios`)
  - url_launcher_ios (from `.symlinks/plugins/url_launcher_ios/ios`)
  - video_player_avfoundation (from `.symlinks/plugins/video_player_avfoundation/ios`)
  - video_thumbnail (from `.symlinks/plugins/video_thumbnail/ios`)
  - wakelock (from `.symlinks/plugins/wakelock/ios`)
  - webview_flutter_wkwebview (from `.symlinks/plugins/webview_flutter_wkwebview/ios`)

SPEC REPOS:
  trunk:
    - BaiduMapKit
    - BMKLocationKit
    - DKImagePickerController
    - DKPhotoGallery
    - FMDB
    - HydraAsync
    - libwebp
    - Mantle
    - ReachabilitySwift
    - SDWebImage
    - SDWebImageWebPCoder
    - SwiftyGif
    - Toast
    - TXCustomBeautyProcesserPlugin
    - TXIMSDK_Plus_Pro_iOS
    - TXLiteAVSDK_Professional

EXTERNAL SOURCES:
  bugly:
    :path: ".symlinks/plugins/bugly/ios"
  camera_avfoundation:
    :path: ".symlinks/plugins/camera_avfoundation/ios"
  device_info_plus:
    :path: ".symlinks/plugins/device_info_plus/ios"
  disk_space:
    :path: ".symlinks/plugins/disk_space/ios"
  file_picker:
    :path: ".symlinks/plugins/file_picker/ios"
  Flutter:
    :path: Flutter
  flutter_apns_only:
    :path: ".symlinks/plugins/flutter_apns_only/ios"
  flutter_baidu_mapapi_base:
    :path: ".symlinks/plugins/flutter_baidu_mapapi_base/ios"
  flutter_baidu_mapapi_map:
    :path: ".symlinks/plugins/flutter_baidu_mapapi_map/ios"
  flutter_baidu_mapapi_search:
    :path: ".symlinks/plugins/flutter_baidu_mapapi_search/ios"
  flutter_bmflocation:
    :path: ".symlinks/plugins/flutter_bmflocation/ios"
  flutter_image_compress:
    :path: ".symlinks/plugins/flutter_image_compress/ios"
  flutter_keyboard_visibility:
    :path: ".symlinks/plugins/flutter_keyboard_visibility/ios"
  flutter_plugin_record_plus:
    :path: ".symlinks/plugins/flutter_plugin_record_plus/ios"
  fluttertoast:
    :path: ".symlinks/plugins/fluttertoast/ios"
  image_gallery_saver:
    :path: ".symlinks/plugins/image_gallery_saver/ios"
  image_picker_ios:
    :path: ".symlinks/plugins/image_picker_ios/ios"
  live_flutter_plugin:
    :path: ".symlinks/plugins/live_flutter_plugin/ios"
  local_notifications_for_us:
    :path: ".symlinks/plugins/local_notifications_for_us/ios"
  location:
    :path: ".symlinks/plugins/location/ios"
  package_info_plus:
    :path: ".symlinks/plugins/package_info_plus/ios"
  path_provider_foundation:
    :path: ".symlinks/plugins/path_provider_foundation/ios"
  permission_handler_apple:
    :path: ".symlinks/plugins/permission_handler_apple/ios"
  photo_manager:
    :path: ".symlinks/plugins/photo_manager/ios"
  plain_notification_token_for_us:
    :path: ".symlinks/plugins/plain_notification_token_for_us/ios"
  rmonitor_base:
    :path: ".symlinks/plugins/rmonitor_base/ios"
  shared_preferences_foundation:
    :path: ".symlinks/plugins/shared_preferences_foundation/ios"
  sqflite:
    :path: ".symlinks/plugins/sqflite/ios"
  tencent_chat_push_for_china:
    :path: ".symlinks/plugins/tencent_chat_push_for_china/ios"
  tencent_cloud_chat_sdk:
    :path: ".symlinks/plugins/tencent_cloud_chat_sdk/ios"
  tencent_open_file:
    :path: ".symlinks/plugins/tencent_open_file/ios"
  tencent_trtc_cloud:
    :path: ".symlinks/plugins/tencent_trtc_cloud/ios"
  uni_links:
    :path: ".symlinks/plugins/uni_links/ios"
  url_launcher_ios:
    :path: ".symlinks/plugins/url_launcher_ios/ios"
  video_player_avfoundation:
    :path: ".symlinks/plugins/video_player_avfoundation/ios"
  video_thumbnail:
    :path: ".symlinks/plugins/video_thumbnail/ios"
  wakelock:
    :path: ".symlinks/plugins/wakelock/ios"
  webview_flutter_wkwebview:
    :path: ".symlinks/plugins/webview_flutter_wkwebview/ios"

SPEC CHECKSUMS:
  BaiduMapKit: f227cfb43581e91466fb4f1344f655eab5788777
  BMKLocationKit: 8d017e1bb5549d95f515da545435c0c724988697
  bugly: b3674afe180564b5464015d0a8a6b174c2356589
  camera_avfoundation: 07c77549ea54ad95d8581be86617c094a46280d9
  device_info_plus: e5c5da33f982a436e103237c0c85f9031142abed
  disk_space: e94d34bbdf77954adfb39e60bde9cc5c7233eda6
  DKImagePickerController: b512c28220a2b8ac7419f21c491fc8534b7601ac
  DKPhotoGallery: fdfad5125a9fdda9cc57df834d49df790dbb4179
  file_picker: 817ab1d8cd2da9d2da412a417162deee3500fc95
  Flutter: f04841e97a9d0b0a8025694d0796dd46242b2854
  flutter_apns_only: 3d91c0ca9dbef4439874858590909a19f8ed06a4
  flutter_baidu_mapapi_base: cb406be78c3a949fb58a45dc6627f139d580bd37
  flutter_baidu_mapapi_map: 81c4e6e93dc668e311d9b521421deaf292390434
  flutter_baidu_mapapi_search: 13a360334e91abea0bcf820546b2ef4548e42e08
  flutter_bmflocation: 1bd73181196567fe1529f765aa4f8e2615a8a3cf
  flutter_image_compress: 5a5e9aee05b6553048b8df1c3bc456d0afaac433
  flutter_keyboard_visibility: 0339d06371254c3eb25eeb90ba8d17dca8f9c069
  flutter_plugin_record_plus: 79b8e13ee7ed9a94f6c067018653599528cee1fc
  fluttertoast: eb263d302cc92e04176c053d2385237e9f43fad0
  FMDB: 2ce00b547f966261cd18927a3ddb07cb6f3db82a
  HydraAsync: 8d589bd725b0224f899afafc9a396327405f8063
  image_gallery_saver: 259eab68fb271cfd57d599904f7acdc7832e7ef2
  image_picker_ios: b786a5dcf033a8336a657191401bfdf12017dabb
  libwebp: f62cb61d0a484ba548448a4bd52aabf150ff6eef
  live_flutter_plugin: a11acf419b39d4f36ad9a6174377e5e2a41d3385
  local_notifications_for_us: d4bb63b93eb429c4697edd0ee66bbe8bade29633
  location: 3a2eed4dd2fab25e7b7baf2a9efefe82b512d740
  Mantle: c5aa8794a29a022dfbbfc9799af95f477a69b62d
  package_info_plus: 6c92f08e1f853dc01228d6f553146438dafcd14e
  path_provider_foundation: 37748e03f12783f9de2cb2c4eadfaa25fe6d4852
  permission_handler_apple: 44366e37eaf29454a1e7b1b7d736c2cceaeb17ce
  photo_manager: 4f6810b7dfc4feb03b461ac1a70dacf91fba7604
  plain_notification_token_for_us: c804c7a9f79af55980cec08457cb8cdf73200db7
  ReachabilitySwift: 985039c6f7b23a1da463388634119492ff86c825
  rmonitor_base: 63e3a81285479c232541536a44f16b62f9373f87
  SDWebImage: 302d4e14efff86b36b5f36d1bf891b635436d071
  SDWebImageWebPCoder: 4851414d9f8894e328e8b97c93ea4f4f4e4418ae
  shared_preferences_foundation: 297b3ebca31b34ec92be11acd7fb0ba932c822ca
  sqflite: 6d358c025f5b867b29ed92fc697fd34924e11904
  SwiftyGif: 93a1cc87bf3a51916001cf8f3d63835fb64c819f
  tencent_chat_push_for_china: aa983a4716949ae4062c106204e2dc07d34d9f3b
  tencent_cloud_chat_sdk: 9e1092a36bfe57d355a254a42d0a07db32638d52
  tencent_open_file: 1261db508715b8f43ef3b7e31c90824838038165
  tencent_trtc_cloud: 247c93c42e51cccb7774360472df5f3d2d92acb5
  Toast: 91b396c56ee72a5790816f40d3a94dd357abc196
  TXCustomBeautyProcesserPlugin: 099393b941cb40eda12b3a80bf6c0319957b1cfd
  TXIMSDK_Plus_Pro_iOS: d115e3a8a363ba930ba3c6d58fbcf548009fe2c9
  TXLiteAVSDK_Professional: e3a19b7dd4952f091c593d031dd02b9020d72c8d
  uni_links: d97da20c7701486ba192624d99bffaaffcfc298a
  url_launcher_ios: fb12c43172927bb5cf75aeebd073f883801f1993
  video_player_avfoundation: e489aac24ef5cf7af82702979ed16f2a5ef84cff
  video_thumbnail: c4e2a3c539e247d4de13cd545344fd2d26ffafd1
  wakelock: d0fc7c864128eac40eba1617cb5264d9c940b46f
  webview_flutter_wkwebview: b7e70ef1ddded7e69c796c7390ee74180182971f

PODFILE CHECKSUM: 9186a3e03440823b5d5909fc8040be7364ad0583

COCOAPODS: 1.11.3
