{
  "name": "tencent-cloud-chat",
  "version": "1.0.0",
  "lockfileVersion": 2,
  "requires": true,
  "packages": {
    "": {
      "name": "tencent-cloud-chat",
      "version": "1.0.0",
      "license": "ISC",
      "dependencies": {
        "tim-js-sdk": "^2.24.1",
        "tim-upload-plugin": "^1.0.6"
      }
    },
    "node_modules/tim-js-sdk": {
      "version": "2.24.1",
      "resolved": "https://mirrors.tencent.com/npm/tim-js-sdk/-/tim-js-sdk-2.24.1.tgz",
      "integrity": "sha512-Bjgp5bj+G7k1k0ukKpsr+yVBDNR0wyCCNIpcQgeyTI+zAgyCmOsZ8/e7mifWNjF+n9suWQWzy5vtV+ay9NNwQw==",
      "license": "ISC"
    },
    "node_modules/tim-upload-plugin": {
      "version": "1.0.6",
      "resolved": "https://mirrors.tencent.com/npm/tim-upload-plugin/-/tim-upload-plugin-1.0.6.tgz",
      "integrity": "sha512-yO85EmYQB/lyKo3h90Lruw9VX7RagwJ7QSlCLaiD8KWBsZZaTpuZpr54xw+m5U6TlGwN3/wO8Q4bRmYncLoOnQ==",
      "license": "ISC"
    }
  },
  "dependencies": {
    "tim-js-sdk": {
      "version": "2.24.1",
      "resolved": "https://mirrors.tencent.com/npm/tim-js-sdk/-/tim-js-sdk-2.24.1.tgz",
      "integrity": "sha512-Bjgp5bj+G7k1k0ukKpsr+yVBDNR0wyCCNIpcQgeyTI+zAgyCmOsZ8/e7mifWNjF+n9suWQWzy5vtV+ay9NNwQw=="
    },
    "tim-upload-plugin": {
      "version": "1.0.6",
      "resolved": "https://mirrors.tencent.com/npm/tim-upload-plugin/-/tim-upload-plugin-1.0.6.tgz",
      "integrity": "sha512-yO85EmYQB/lyKo3h90Lruw9VX7RagwJ7QSlCLaiD8KWBsZZaTpuZpr54xw+m5U6TlGwN3/wO8Q4bRmYncLoOnQ=="
    }
  }
}
